
Microsoft Visual Studio Solution File, Format Version 12.00
# Visual Studio Version 17
VisualStudioVersion = 17.6.33723.286
MinimumVisualStudioVersion = 10.0.40219.1
Project("{FAE04EC0-301F-11D3-BF4B-00C04F79EFBC}") = "EmployeeTask", "EmployeeTask\EmployeeTask.csproj", "{DDDF8F84-F448-408B-9CCD-CB34A9910082}"
EndProject
Global
	GlobalSection(SolutionConfigurationPlatforms) = preSolution
		Debug|Any CPU = Debug|Any CPU
		Release|Any CPU = Release|Any CPU
	EndGlobalSection
	GlobalSection(ProjectConfigurationPlatforms) = postSolution
		{DDDF8F84-F448-408B-9CCD-CB34A9910082}.Debug|Any CPU.ActiveCfg = Debug|Any CPU
		{DDDF8F84-F448-408B-9CCD-CB34A9910082}.Debug|Any CPU.Build.0 = Debug|Any CPU
		{DDDF8F84-F448-408B-9CCD-CB34A9910082}.Release|Any CPU.ActiveCfg = Release|Any CPU
		{DDDF8F84-F448-408B-9CCD-CB34A9910082}.Release|Any CPU.Build.0 = Release|Any CPU
	EndGlobalSection
	GlobalSection(SolutionProperties) = preSolution
		HideSolutionNode = FALSE
	EndGlobalSection
	GlobalSection(ExtensibilityGlobals) = postSolution
		SolutionGuid = {CF828F7B-D328-4D54-A790-CCE0A745872E}
	EndGlobalSection
EndGlobal
